lockfileVersion: 5.4

specifiers:
  '@vitejs/plugin-vue': ^3.0.3
  less: ^4.1.3
  typescript: ^4.6.4
  vite: ^4.0.0
  vue: ^3.2.37
  vue-tsc: ^0.39.5

dependencies:
  typescript: registry.npmmirror.com/typescript/4.7.4
  vue: registry.npmmirror.com/vue/3.2.37

devDependencies:
  '@vitejs/plugin-vue': registry.npmmirror.com/@vitejs/plugin-vue/3.0.3_vite@4.4.3+vue@3.2.37
  less: registry.npmmirror.com/less/4.1.3
  vite: 4.4.3_less@4.1.3
  vue-tsc: registry.npmmirror.com/vue-tsc/0.39.5_typescript@4.7.4

packages:

  /@esbuild/android-arm/0.18.11:
    resolution: {integrity: sha512-q4qlUf5ucwbUJZXF5tEQ8LF7y0Nk4P58hOsGk3ucY0oCwgQqAnqXVbUuahCddVHfrxmpyewRpiTHwVHIETYu7Q==}
    engines: {node: '>=12'}
    cpu: [arm]
    os: [android]
    requiresBuild: true
    dev: true
    optional: true

  /@esbuild/android-arm64/0.18.11:
    resolution: {integrity: sha512-snieiq75Z1z5LJX9cduSAjUr7vEI1OdlzFPMw0HH5YI7qQHDd3qs+WZoMrWYDsfRJSq36lIA6mfZBkvL46KoIw==}
    engines: {node: '>=12'}
    cpu: [arm64]
    os: [android]
    requiresBuild: true
    dev: true
    optional: true

  /@esbuild/android-x64/0.18.11:
    resolution: {integrity: sha512-iPuoxQEV34+hTF6FT7om+Qwziv1U519lEOvekXO9zaMMlT9+XneAhKL32DW3H7okrCOBQ44BMihE8dclbZtTuw==}
    engines: {node: '>=12'}
    cpu: [x64]
    os: [android]
    requiresBuild: true
    dev: true
    optional: true

  /@esbuild/darwin-arm64/0.18.11:
    resolution: {integrity: sha512-Gm0QkI3k402OpfMKyQEEMG0RuW2LQsSmI6OeO4El2ojJMoF5NLYb3qMIjvbG/lbMeLOGiW6ooU8xqc+S0fgz2w==}
    engines: {node: '>=12'}
    cpu: [arm64]
    os: [darwin]
    requiresBuild: true
    dev: true
    optional: true

  /@esbuild/darwin-x64/0.18.11:
    resolution: {integrity: sha512-N15Vzy0YNHu6cfyDOjiyfJlRJCB/ngKOAvoBf1qybG3eOq0SL2Lutzz9N7DYUbb7Q23XtHPn6lMDF6uWbGv9Fw==}
    engines: {node: '>=12'}
    cpu: [x64]
    os: [darwin]
    requiresBuild: true
    dev: true
    optional: true

  /@esbuild/freebsd-arm64/0.18.11:
    resolution: {integrity: sha512-atEyuq6a3omEY5qAh5jIORWk8MzFnCpSTUruBgeyN9jZq1K/QI9uke0ATi3MHu4L8c59CnIi4+1jDKMuqmR71A==}
    engines: {node: '>=12'}
    cpu: [arm64]
    os: [freebsd]
    requiresBuild: true
    dev: true
    optional: true

  /@esbuild/freebsd-x64/0.18.11:
    resolution: {integrity: sha512-XtuPrEfBj/YYYnAAB7KcorzzpGTvOr/dTtXPGesRfmflqhA4LMF0Gh/n5+a9JBzPuJ+CGk17CA++Hmr1F/gI0Q==}
    engines: {node: '>=12'}
    cpu: [x64]
    os: [freebsd]
    requiresBuild: true
    dev: true
    optional: true

  /@esbuild/linux-arm/0.18.11:
    resolution: {integrity: sha512-Idipz+Taso/toi2ETugShXjQ3S59b6m62KmLHkJlSq/cBejixmIydqrtM2XTvNCywFl3VC7SreSf6NV0i6sRyg==}
    engines: {node: '>=12'}
    cpu: [arm]
    os: [linux]
    requiresBuild: true
    dev: true
    optional: true

  /@esbuild/linux-arm64/0.18.11:
    resolution: {integrity: sha512-c6Vh2WS9VFKxKZ2TvJdA7gdy0n6eSy+yunBvv4aqNCEhSWVor1TU43wNRp2YLO9Vng2G+W94aRz+ILDSwAiYog==}
    engines: {node: '>=12'}
    cpu: [arm64]
    os: [linux]
    requiresBuild: true
    dev: true
    optional: true

  /@esbuild/linux-ia32/0.18.11:
    resolution: {integrity: sha512-S3hkIF6KUqRh9n1Q0dSyYcWmcVa9Cg+mSoZEfFuzoYXXsk6196qndrM+ZiHNwpZKi3XOXpShZZ+9dfN5ykqjjw==}
    engines: {node: '>=12'}
    cpu: [ia32]
    os: [linux]
    requiresBuild: true
    dev: true
    optional: true

  /@esbuild/linux-loong64/0.18.11:
    resolution: {integrity: sha512-MRESANOoObQINBA+RMZW+Z0TJWpibtE7cPFnahzyQHDCA9X9LOmGh68MVimZlM9J8n5Ia8lU773te6O3ILW8kw==}
    engines: {node: '>=12'}
    cpu: [loong64]
    os: [linux]
    requiresBuild: true
    dev: true
    optional: true

  /@esbuild/linux-mips64el/0.18.11:
    resolution: {integrity: sha512-qVyPIZrXNMOLYegtD1u8EBccCrBVshxMrn5MkuFc3mEVsw7CCQHaqZ4jm9hbn4gWY95XFnb7i4SsT3eflxZsUg==}
    engines: {node: '>=12'}
    cpu: [mips64el]
    os: [linux]
    requiresBuild: true
    dev: true
    optional: true

  /@esbuild/linux-ppc64/0.18.11:
    resolution: {integrity: sha512-T3yd8vJXfPirZaUOoA9D2ZjxZX4Gr3QuC3GztBJA6PklLotc/7sXTOuuRkhE9W/5JvJP/K9b99ayPNAD+R+4qQ==}
    engines: {node: '>=12'}
    cpu: [ppc64]
    os: [linux]
    requiresBuild: true
    dev: true
    optional: true

  /@esbuild/linux-riscv64/0.18.11:
    resolution: {integrity: sha512-evUoRPWiwuFk++snjH9e2cAjF5VVSTj+Dnf+rkO/Q20tRqv+644279TZlPK8nUGunjPAtQRCj1jQkDAvL6rm2w==}
    engines: {node: '>=12'}
    cpu: [riscv64]
    os: [linux]
    requiresBuild: true
    dev: true
    optional: true

  /@esbuild/linux-s390x/0.18.11:
    resolution: {integrity: sha512-/SlRJ15XR6i93gRWquRxYCfhTeC5PdqEapKoLbX63PLCmAkXZHY2uQm2l9bN0oPHBsOw2IswRZctMYS0MijFcg==}
    engines: {node: '>=12'}
    cpu: [s390x]
    os: [linux]
    requiresBuild: true
    dev: true
    optional: true

  /@esbuild/linux-x64/0.18.11:
    resolution: {integrity: sha512-xcncej+wF16WEmIwPtCHi0qmx1FweBqgsRtEL1mSHLFR6/mb3GEZfLQnx+pUDfRDEM4DQF8dpXIW7eDOZl1IbA==}
    engines: {node: '>=12'}
    cpu: [x64]
    os: [linux]
    requiresBuild: true
    dev: true
    optional: true

  /@esbuild/netbsd-x64/0.18.11:
    resolution: {integrity: sha512-aSjMHj/F7BuS1CptSXNg6S3M4F3bLp5wfFPIJM+Km2NfIVfFKhdmfHF9frhiCLIGVzDziggqWll0B+9AUbud/Q==}
    engines: {node: '>=12'}
    cpu: [x64]
    os: [netbsd]
    requiresBuild: true
    dev: true
    optional: true

  /@esbuild/openbsd-x64/0.18.11:
    resolution: {integrity: sha512-tNBq+6XIBZtht0xJGv7IBB5XaSyvYPCm1PxJ33zLQONdZoLVM0bgGqUrXnJyiEguD9LU4AHiu+GCXy/Hm9LsdQ==}
    engines: {node: '>=12'}
    cpu: [x64]
    os: [openbsd]
    requiresBuild: true
    dev: true
    optional: true

  /@esbuild/sunos-x64/0.18.11:
    resolution: {integrity: sha512-kxfbDOrH4dHuAAOhr7D7EqaYf+W45LsAOOhAet99EyuxxQmjbk8M9N4ezHcEiCYPaiW8Dj3K26Z2V17Gt6p3ng==}
    engines: {node: '>=12'}
    cpu: [x64]
    os: [sunos]
    requiresBuild: true
    dev: true
    optional: true

  /@esbuild/win32-arm64/0.18.11:
    resolution: {integrity: sha512-Sh0dDRyk1Xi348idbal7lZyfSkjhJsdFeuC13zqdipsvMetlGiFQNdO+Yfp6f6B4FbyQm7qsk16yaZk25LChzg==}
    engines: {node: '>=12'}
    cpu: [arm64]
    os: [win32]
    requiresBuild: true
    dev: true
    optional: true

  /@esbuild/win32-ia32/0.18.11:
    resolution: {integrity: sha512-o9JUIKF1j0rqJTFbIoF4bXj6rvrTZYOrfRcGyL0Vm5uJ/j5CkBD/51tpdxe9lXEDouhRgdr/BYzUrDOvrWwJpg==}
    engines: {node: '>=12'}
    cpu: [ia32]
    os: [win32]
    requiresBuild: true
    dev: true
    optional: true

  /@esbuild/win32-x64/0.18.11:
    resolution: {integrity: sha512-rQI4cjLHd2hGsM1LqgDI7oOCYbQ6IBOVsX9ejuRMSze0GqXUG2ekwiKkiBU1pRGSeCqFFHxTrcEydB2Hyoz9CA==}
    engines: {node: '>=12'}
    cpu: [x64]
    os: [win32]
    requiresBuild: true
    dev: true
    optional: true

  /errno/0.1.8:
    resolution: {integrity: sha512-dJ6oBr5SQ1VSd9qkk7ByRgb/1SH4JZjCHSW/mr63/QcXO9zLVxvJ6Oy13nio03rxpSnVDDjFor75SjVeZWPW/A==}
    hasBin: true
    requiresBuild: true
    dependencies:
      prr: registry.npmmirror.com/prr/1.0.1
    dev: true
    optional: true

  /esbuild/0.18.11:
    resolution: {integrity: sha512-i8u6mQF0JKJUlGR3OdFLKldJQMMs8OqM9Cc3UCi9XXziJ9WERM5bfkHaEAy0YAvPRMgqSW55W7xYn84XtEFTtA==}
    engines: {node: '>=12'}
    hasBin: true
    requiresBuild: true
    optionalDependencies:
      '@esbuild/android-arm': 0.18.11
      '@esbuild/android-arm64': 0.18.11
      '@esbuild/android-x64': 0.18.11
      '@esbuild/darwin-arm64': 0.18.11
      '@esbuild/darwin-x64': 0.18.11
      '@esbuild/freebsd-arm64': 0.18.11
      '@esbuild/freebsd-x64': 0.18.11
      '@esbuild/linux-arm': 0.18.11
      '@esbuild/linux-arm64': 0.18.11
      '@esbuild/linux-ia32': 0.18.11
      '@esbuild/linux-loong64': 0.18.11
      '@esbuild/linux-mips64el': 0.18.11
      '@esbuild/linux-ppc64': 0.18.11
      '@esbuild/linux-riscv64': 0.18.11
      '@esbuild/linux-s390x': 0.18.11
      '@esbuild/linux-x64': 0.18.11
      '@esbuild/netbsd-x64': 0.18.11
      '@esbuild/openbsd-x64': 0.18.11
      '@esbuild/sunos-x64': 0.18.11
      '@esbuild/win32-arm64': 0.18.11
      '@esbuild/win32-ia32': 0.18.11
      '@esbuild/win32-x64': 0.18.11
    dev: true

  /fsevents/2.3.2:
    resolution: {integrity: sha512-xiqMQR4xAeHTuB9uWm+fFRcIOgKBMiOBP+eXiyT7jsgVCq1bkVygt00oASowB7EdtpOHaaPgKt812P9ab+DDKA==}
    engines: {node: ^8.16.0 || ^10.6.0 || >=11.0.0}
    os: [darwin]
    requiresBuild: true
    dev: true
    optional: true

  /graceful-fs/4.2.10:
    resolution: {integrity: sha512-9ByhssR2fPVsNZj478qUUbKfmL0+t5BDVyjShtyZZLiK7ZDAArFFfopyOTj0M05wE2tJPisA4iTnnXl2YoPvOA==}
    requiresBuild: true
    dev: true
    optional: true

  /image-size/0.5.5:
    resolution: {integrity: sha512-6TDAlDPZxUFCv+fuOkIoXT/V/f3Qbq8e37p+YOiYrUv3v9cc3/6x78VdfPgFVaB9dZYeLUfKgHRebpkm/oP2VQ==}
    engines: {node: '>=0.10.0'}
    hasBin: true
    requiresBuild: true
    dev: true
    optional: true

  /make-dir/2.1.0:
    resolution: {integrity: sha512-LS9X+dc8KLxXCb8dni79fLIIUA5VyZoyjSMCwTluaXA0o27cCK0bhXkpgw+sTXVpPy/lSO57ilRixqk0vDmtRA==}
    engines: {node: '>=6'}
    requiresBuild: true
    dependencies:
      pify: registry.npmmirror.com/pify/4.0.1
      semver: registry.npmmirror.com/semver/5.7.1
    dev: true
    optional: true

  /mime/1.6.0:
    resolution: {integrity: sha512-x0Vn8spI+wuJ1O6S7gnbaQg8Pxh4NNHb7KSINmEWKiPE4RKOplvijn+NkmYmmRgP68mc70j2EbeTFRsrswaQeg==}
    engines: {node: '>=4'}
    hasBin: true
    requiresBuild: true
    dev: true
    optional: true

  /nanoid/3.3.4:
    resolution: {integrity: sha512-MqBkQh/OHTS2egovRtLk45wEyNXwF+cokD+1YPf9u5VfJiRdAiRwB2froX5Co9Rh20xs4siNPm8naNotSD6RBw==}
    engines: {node: ^10 || ^12 || ^13.7 || ^14 || >=15.0.1}
    hasBin: true

  /nanoid/3.3.6:
    resolution: {integrity: sha512-BGcqMMJuToF7i1rt+2PWSNVnWIkGCU78jBG3RxO/bZlnZPK2Cmi2QaffxGO/2RvWi9sL+FAiRiXMgsyxQ1DIDA==}
    engines: {node: ^10 || ^12 || ^13.7 || ^14 || >=15.0.1}
    hasBin: true
    dev: true

  /needle/3.1.0:
    resolution: {integrity: sha512-gCE9weDhjVGCRqS8dwDR/D3GTAeyXLXuqp7I8EzH6DllZGXSUyxuqqLh+YX9rMAWaaTFyVAg6rHGL25dqvczKw==}
    engines: {node: '>= 4.4.x'}
    hasBin: true
    requiresBuild: true
    dependencies:
      debug: registry.npmmirror.com/debug/3.2.7
      iconv-lite: registry.npmmirror.com/iconv-lite/0.6.3
      sax: registry.npmmirror.com/sax/1.2.4
    transitivePeerDependencies:
      - supports-color
    dev: true
    optional: true

  /picocolors/1.0.0:
    resolution: {integrity: sha512-1fygroTLlHu66zi26VoTDv8yRgm0Fccecssto+MhsZ0D/DGW2sm8E8AjW7NU5VVTRt5GxbeZ5qBuJr+HyLYkjQ==}

  /postcss/8.4.16:
    resolution: {integrity: sha512-ipHE1XBvKzm5xI7hiHCZJCSugxvsdq2mPnsq5+UF+VHCjiBvtDrlxJfMBToWaP9D5XlgNmcFGqoHmUn0EYEaRQ==}
    engines: {node: ^10 || ^12 || >=14}
    dependencies:
      nanoid: 3.3.4
      picocolors: 1.0.0
      source-map-js: 1.0.2

  /postcss/8.4.25:
    resolution: {integrity: sha512-7taJ/8t2av0Z+sQEvNzCkpDynl0tX3uJMCODi6nT3PfASC7dYCWV9aQ+uiCf+KBD4SEFcu+GvJdGdwzQ6OSjCw==}
    engines: {node: ^10 || ^12 || >=14}
    dependencies:
      nanoid: 3.3.6
      picocolors: 1.0.0
      source-map-js: 1.0.2
    dev: true

  /rollup/3.26.2:
    resolution: {integrity: sha512-6umBIGVz93er97pMgQO08LuH3m6PUb3jlDUUGFsNJB6VgTCUaDFpupf5JfU30529m/UKOgmiX+uY6Sx8cOYpLA==}
    engines: {node: '>=14.18.0', npm: '>=8.0.0'}
    hasBin: true
    optionalDependencies:
      fsevents: 2.3.2
    dev: true

  /source-map-js/1.0.2:
    resolution: {integrity: sha512-R0XvVJ9WusLiqTCEiGCmICCMplcCkIwwR11mOSD9CR5u+IXYdiseeEuXCVAjS54zqwkLcPNnmU4OeJ6tUrWhDw==}
    engines: {node: '>=0.10.0'}

  /source-map/0.6.1:
    resolution: {integrity: sha512-UjgapumWlbMhkBgzT7Ykc5YXUT46F0iKu8SGXq0bcwP5dz/h0Plj6enJqjz1Zbq2l5WaqYnrVbwWOWMyF3F47g==}
    engines: {node: '>=0.10.0'}
    requiresBuild: true
    dev: true
    optional: true

  /vite/4.4.3_less@4.1.3:
    resolution: {integrity: sha512-IMnXQXXWgLi5brBQx/4WzDxdzW0X3pjO4nqFJAuNvwKtxzAmPzFE1wszW3VDpAGQJm3RZkm/brzRdyGsnwgJIA==}
    engines: {node: ^14.18.0 || >=16.0.0}
    hasBin: true
    peerDependencies:
      '@types/node': '>= 14'
      less: '*'
      lightningcss: ^1.21.0
      sass: '*'
      stylus: '*'
      sugarss: '*'
      terser: ^5.4.0
    peerDependenciesMeta:
      '@types/node':
        optional: true
      less:
        optional: true
      lightningcss:
        optional: true
      sass:
        optional: true
      stylus:
        optional: true
      sugarss:
        optional: true
      terser:
        optional: true
    dependencies:
      esbuild: 0.18.11
      less: registry.npmmirror.com/less/4.1.3
      postcss: 8.4.25
      rollup: 3.26.2
    optionalDependencies:
      fsevents: 2.3.2
    dev: true

  registry.npmmirror.com/@babel/helper-string-parser/7.18.10:
    resolution: {integrity: sha512-XtIfWmeNY3i4t7t4D2t02q50HvqHybPqW2ki1kosnvWCwuCMeo81Jf0gwr85jy/neUdg5XDdeFE/80DXiO+njw==, registry: https://registry.npm.taobao.org/, tarball: https://registry.npmmirror.com/@babel/helper-string-parser/-/helper-string-parser-7.18.10.tgz}
    name: '@babel/helper-string-parser'
    version: 7.18.10
    engines: {node: '>=6.9.0'}

  registry.npmmirror.com/@babel/helper-validator-identifier/7.18.6:
    resolution: {integrity: sha512-MmetCkz9ej86nJQV+sFCxoGGrUbU3q02kgLciwkrt9QqEB7cP39oKEY0PakknEO0Gu20SskMRi+AYZ3b1TpN9g==, registry: https://registry.npm.taobao.org/, tarball: https://registry.npmmirror.com/@babel/helper-validator-identifier/-/helper-validator-identifier-7.18.6.tgz}
    name: '@babel/helper-validator-identifier'
    version: 7.18.6
    engines: {node: '>=6.9.0'}

  registry.npmmirror.com/@babel/parser/7.18.11:
    resolution: {integrity: sha512-9JKn5vN+hDt0Hdqn1PiJ2guflwP+B6Ga8qbDuoF0PzzVhrzsKIJo8yGqVk6CmMHiMei9w1C1Bp9IMJSIK+HPIQ==, registry: https://registry.npm.taobao.org/, tarball: https://registry.npmmirror.com/@babel/parser/-/parser-7.18.11.tgz}
    name: '@babel/parser'
    version: 7.18.11
    engines: {node: '>=6.0.0'}
    hasBin: true
    dependencies:
      '@babel/types': registry.npmmirror.com/@babel/types/7.18.10

  registry.npmmirror.com/@babel/types/7.18.10:
    resolution: {integrity: sha512-MJvnbEiiNkpjo+LknnmRrqbY1GPUUggjv+wQVjetM/AONoupqRALB7I6jGqNUAZsKcRIEu2J6FRFvsczljjsaQ==, registry: https://registry.npm.taobao.org/, tarball: https://registry.npmmirror.com/@babel/types/-/types-7.18.10.tgz}
    name: '@babel/types'
    version: 7.18.10
    engines: {node: '>=6.9.0'}
    dependencies:
      '@babel/helper-string-parser': registry.npmmirror.com/@babel/helper-string-parser/7.18.10
      '@babel/helper-validator-identifier': registry.npmmirror.com/@babel/helper-validator-identifier/7.18.6
      to-fast-properties: registry.npmmirror.com/to-fast-properties/2.0.0

  registry.npmmirror.com/@vitejs/plugin-vue/3.0.3_vite@4.4.3+vue@3.2.37:
    resolution: {integrity: sha512-U4zNBlz9mg+TA+i+5QPc3N5lQvdUXENZLO2h0Wdzp56gI1MWhqJOv+6R+d4kOzoaSSq6TnGPBdZAXKOe4lXy6g==, registry: https://registry.npm.taobao.org/, tarball: https://registry.npmmirror.com/@vitejs/plugin-vue/-/plugin-vue-3.0.3.tgz}
    id: registry.npmmirror.com/@vitejs/plugin-vue/3.0.3
    name: '@vitejs/plugin-vue'
    version: 3.0.3
    engines: {node: ^14.18.0 || >=16.0.0}
    peerDependencies:
      vite: ^3.0.0
      vue: ^3.2.25
    dependencies:
      vite: 4.4.3_less@4.1.3
      vue: registry.npmmirror.com/vue/3.2.37
    dev: true

  registry.npmmirror.com/@volar/code-gen/0.39.5:
    resolution: {integrity: sha512-vQr5VoCH8T2NHmqLc/AA1/4F8l41WB+24+I+VjxBaev/Hmwjye9K0GlmMHAOl84WB3hWGOqpHaPX6JkqzRNjJg==, registry: https://registry.npm.taobao.org/, tarball: https://registry.npmmirror.com/@volar/code-gen/-/code-gen-0.39.5.tgz}
    name: '@volar/code-gen'
    version: 0.39.5
    dependencies:
      '@volar/source-map': registry.npmmirror.com/@volar/source-map/0.39.5
    dev: true

  registry.npmmirror.com/@volar/source-map/0.39.5:
    resolution: {integrity: sha512-IVOX+v++Sr5Kok4/cLbDJp2vf1ia1rChpV7adgcnMle6uORBuGFEur234UzamK0iHRCcfFFRz7z+hSPf2CO23Q==, registry: https://registry.npm.taobao.org/, tarball: https://registry.npmmirror.com/@volar/source-map/-/source-map-0.39.5.tgz}
    name: '@volar/source-map'
    version: 0.39.5
    dev: true

  registry.npmmirror.com/@volar/typescript-faster/0.39.5:
    resolution: {integrity: sha512-IzLqlxefmKkjNKXC/8aFiqPcTqnj6RG31D2f9cIWxmW9pvUYJxLED+y9phnOxNxq0OmeRtQ3Pfmvu85tUBoZsQ==, registry: https://registry.npm.taobao.org/, tarball: https://registry.npmmirror.com/@volar/typescript-faster/-/typescript-faster-0.39.5.tgz}
    name: '@volar/typescript-faster'
    version: 0.39.5
    dependencies:
      semver: registry.npmmirror.com/semver/7.3.7
    dev: true

  registry.npmmirror.com/@volar/vue-code-gen/0.39.5:
    resolution: {integrity: sha512-y+QUV9MuuasiIuRoGKQl+gMhDaAX6XNhckAyJCvD1FZ8f2eJuPY2VtoFxmu/Z2bGWBdtUW/g98jaeKJ+j3wwOw==, registry: https://registry.npm.taobao.org/, tarball: https://registry.npmmirror.com/@volar/vue-code-gen/-/vue-code-gen-0.39.5.tgz}
    name: '@volar/vue-code-gen'
    version: 0.39.5
    dependencies:
      '@volar/code-gen': registry.npmmirror.com/@volar/code-gen/0.39.5
      '@volar/source-map': registry.npmmirror.com/@volar/source-map/0.39.5
      '@vue/compiler-core': registry.npmmirror.com/@vue/compiler-core/3.2.37
      '@vue/compiler-dom': registry.npmmirror.com/@vue/compiler-dom/3.2.37
      '@vue/shared': registry.npmmirror.com/@vue/shared/3.2.37
    dev: true

  registry.npmmirror.com/@volar/vue-language-core/0.39.5:
    resolution: {integrity: sha512-m+e1tYuL/WRPhSeC7hZ0NuSwHsfnnGJVxCBHLaP7jR0f6xcC0DAegP3QF+gfu9ZJFPGznpZYFKadngMjuhQS9Q==, registry: https://registry.npm.taobao.org/, tarball: https://registry.npmmirror.com/@volar/vue-language-core/-/vue-language-core-0.39.5.tgz}
    name: '@volar/vue-language-core'
    version: 0.39.5
    dependencies:
      '@volar/code-gen': registry.npmmirror.com/@volar/code-gen/0.39.5
      '@volar/source-map': registry.npmmirror.com/@volar/source-map/0.39.5
      '@volar/vue-code-gen': registry.npmmirror.com/@volar/vue-code-gen/0.39.5
      '@vue/compiler-sfc': registry.npmmirror.com/@vue/compiler-sfc/3.2.37
      '@vue/reactivity': registry.npmmirror.com/@vue/reactivity/3.2.37
    dev: true

  registry.npmmirror.com/@volar/vue-typescript/0.39.5:
    resolution: {integrity: sha512-ckhWD1xOi0OMr702XVkv/Npsb9FKAp5gvhxyLv0QqWekPdSo04t4KrZfwosJLGERIEcyr50SuB7HqBp8ndQmzA==, registry: https://registry.npm.taobao.org/, tarball: https://registry.npmmirror.com/@volar/vue-typescript/-/vue-typescript-0.39.5.tgz}
    name: '@volar/vue-typescript'
    version: 0.39.5
    dependencies:
      '@volar/code-gen': registry.npmmirror.com/@volar/code-gen/0.39.5
      '@volar/typescript-faster': registry.npmmirror.com/@volar/typescript-faster/0.39.5
      '@volar/vue-language-core': registry.npmmirror.com/@volar/vue-language-core/0.39.5
    dev: true

  registry.npmmirror.com/@vue/compiler-core/3.2.37:
    resolution: {integrity: sha512-81KhEjo7YAOh0vQJoSmAD68wLfYqJvoiD4ulyedzF+OEk/bk6/hx3fTNVfuzugIIaTrOx4PGx6pAiBRe5e9Zmg==, registry: https://registry.npm.taobao.org/, tarball: https://registry.npmmirror.com/@vue/compiler-core/-/compiler-core-3.2.37.tgz}
    name: '@vue/compiler-core'
    version: 3.2.37
    dependencies:
      '@babel/parser': registry.npmmirror.com/@babel/parser/7.18.11
      '@vue/shared': registry.npmmirror.com/@vue/shared/3.2.37
      estree-walker: registry.npmmirror.com/estree-walker/2.0.2
      source-map: registry.npmmirror.com/source-map/0.6.1

  registry.npmmirror.com/@vue/compiler-dom/3.2.37:
    resolution: {integrity: sha512-yxJLH167fucHKxaqXpYk7x8z7mMEnXOw3G2q62FTkmsvNxu4FQSu5+3UMb+L7fjKa26DEzhrmCxAgFLLIzVfqQ==, registry: https://registry.npm.taobao.org/, tarball: https://registry.npmmirror.com/@vue/compiler-dom/-/compiler-dom-3.2.37.tgz}
    name: '@vue/compiler-dom'
    version: 3.2.37
    dependencies:
      '@vue/compiler-core': registry.npmmirror.com/@vue/compiler-core/3.2.37
      '@vue/shared': registry.npmmirror.com/@vue/shared/3.2.37

  registry.npmmirror.com/@vue/compiler-sfc/3.2.37:
    resolution: {integrity: sha512-+7i/2+9LYlpqDv+KTtWhOZH+pa8/HnX/905MdVmAcI/mPQOBwkHHIzrsEsucyOIZQYMkXUiTkmZq5am/NyXKkg==, registry: https://registry.npm.taobao.org/, tarball: https://registry.npmmirror.com/@vue/compiler-sfc/-/compiler-sfc-3.2.37.tgz}
    name: '@vue/compiler-sfc'
    version: 3.2.37
    dependencies:
      '@babel/parser': registry.npmmirror.com/@babel/parser/7.18.11
      '@vue/compiler-core': registry.npmmirror.com/@vue/compiler-core/3.2.37
      '@vue/compiler-dom': registry.npmmirror.com/@vue/compiler-dom/3.2.37
      '@vue/compiler-ssr': registry.npmmirror.com/@vue/compiler-ssr/3.2.37
      '@vue/reactivity-transform': registry.npmmirror.com/@vue/reactivity-transform/3.2.37
      '@vue/shared': registry.npmmirror.com/@vue/shared/3.2.37
      estree-walker: registry.npmmirror.com/estree-walker/2.0.2
      magic-string: registry.npmmirror.com/magic-string/0.25.9
      postcss: 8.4.16
      source-map: registry.npmmirror.com/source-map/0.6.1

  registry.npmmirror.com/@vue/compiler-ssr/3.2.37:
    resolution: {integrity: sha512-7mQJD7HdXxQjktmsWp/J67lThEIcxLemz1Vb5I6rYJHR5vI+lON3nPGOH3ubmbvYGt8xEUaAr1j7/tIFWiEOqw==, registry: https://registry.npm.taobao.org/, tarball: https://registry.npmmirror.com/@vue/compiler-ssr/-/compiler-ssr-3.2.37.tgz}
    name: '@vue/compiler-ssr'
    version: 3.2.37
    dependencies:
      '@vue/compiler-dom': registry.npmmirror.com/@vue/compiler-dom/3.2.37
      '@vue/shared': registry.npmmirror.com/@vue/shared/3.2.37

  registry.npmmirror.com/@vue/reactivity-transform/3.2.37:
    resolution: {integrity: sha512-IWopkKEb+8qpu/1eMKVeXrK0NLw9HicGviJzhJDEyfxTR9e1WtpnnbYkJWurX6WwoFP0sz10xQg8yL8lgskAZg==, registry: https://registry.npm.taobao.org/, tarball: https://registry.npmmirror.com/@vue/reactivity-transform/-/reactivity-transform-3.2.37.tgz}
    name: '@vue/reactivity-transform'
    version: 3.2.37
    dependencies:
      '@babel/parser': registry.npmmirror.com/@babel/parser/7.18.11
      '@vue/compiler-core': registry.npmmirror.com/@vue/compiler-core/3.2.37
      '@vue/shared': registry.npmmirror.com/@vue/shared/3.2.37
      estree-walker: registry.npmmirror.com/estree-walker/2.0.2
      magic-string: registry.npmmirror.com/magic-string/0.25.9

  registry.npmmirror.com/@vue/reactivity/3.2.37:
    resolution: {integrity: sha512-/7WRafBOshOc6m3F7plwzPeCu/RCVv9uMpOwa/5PiY1Zz+WLVRWiy0MYKwmg19KBdGtFWsmZ4cD+LOdVPcs52A==, registry: https://registry.npm.taobao.org/, tarball: https://registry.npmmirror.com/@vue/reactivity/-/reactivity-3.2.37.tgz}
    name: '@vue/reactivity'
    version: 3.2.37
    dependencies:
      '@vue/shared': registry.npmmirror.com/@vue/shared/3.2.37

  registry.npmmirror.com/@vue/runtime-core/3.2.37:
    resolution: {integrity: sha512-JPcd9kFyEdXLl/i0ClS7lwgcs0QpUAWj+SKX2ZC3ANKi1U4DOtiEr6cRqFXsPwY5u1L9fAjkinIdB8Rz3FoYNQ==, registry: https://registry.npm.taobao.org/, tarball: https://registry.npmmirror.com/@vue/runtime-core/-/runtime-core-3.2.37.tgz}
    name: '@vue/runtime-core'
    version: 3.2.37
    dependencies:
      '@vue/reactivity': registry.npmmirror.com/@vue/reactivity/3.2.37
      '@vue/shared': registry.npmmirror.com/@vue/shared/3.2.37

  registry.npmmirror.com/@vue/runtime-dom/3.2.37:
    resolution: {integrity: sha512-HimKdh9BepShW6YozwRKAYjYQWg9mQn63RGEiSswMbW+ssIht1MILYlVGkAGGQbkhSh31PCdoUcfiu4apXJoPw==, registry: https://registry.npm.taobao.org/, tarball: https://registry.npmmirror.com/@vue/runtime-dom/-/runtime-dom-3.2.37.tgz}
    name: '@vue/runtime-dom'
    version: 3.2.37
    dependencies:
      '@vue/runtime-core': registry.npmmirror.com/@vue/runtime-core/3.2.37
      '@vue/shared': registry.npmmirror.com/@vue/shared/3.2.37
      csstype: registry.npmmirror.com/csstype/2.6.20

  registry.npmmirror.com/@vue/server-renderer/3.2.37_vue@3.2.37:
    resolution: {integrity: sha512-kLITEJvaYgZQ2h47hIzPh2K3jG8c1zCVbp/o/bzQOyvzaKiCquKS7AaioPI28GNxIsE/zSx+EwWYsNxDCX95MA==, registry: https://registry.npm.taobao.org/, tarball: https://registry.npmmirror.com/@vue/server-renderer/-/server-renderer-3.2.37.tgz}
    id: registry.npmmirror.com/@vue/server-renderer/3.2.37
    name: '@vue/server-renderer'
    version: 3.2.37
    peerDependencies:
      vue: 3.2.37
    dependencies:
      '@vue/compiler-ssr': registry.npmmirror.com/@vue/compiler-ssr/3.2.37
      '@vue/shared': registry.npmmirror.com/@vue/shared/3.2.37
      vue: registry.npmmirror.com/vue/3.2.37

  registry.npmmirror.com/@vue/shared/3.2.37:
    resolution: {integrity: sha512-4rSJemR2NQIo9Klm1vabqWjD8rs/ZaJSzMxkMNeJS6lHiUjjUeYFbooN19NgFjztubEKh3WlZUeOLVdbbUWHsw==, registry: https://registry.npm.taobao.org/, tarball: https://registry.npmmirror.com/@vue/shared/-/shared-3.2.37.tgz}
    name: '@vue/shared'
    version: 3.2.37

  registry.npmmirror.com/copy-anything/2.0.6:
    resolution: {integrity: sha512-1j20GZTsvKNkc4BY3NpMOM8tt///wY3FpIzozTOFO2ffuZcV61nojHXVKIy3WM+7ADCy5FVhdZYHYDdgTU0yJw==, registry: https://registry.npm.taobao.org/, tarball: https://registry.npmmirror.com/copy-anything/-/copy-anything-2.0.6.tgz}
    name: copy-anything
    version: 2.0.6
    dependencies:
      is-what: registry.npmmirror.com/is-what/3.14.1
    dev: true

  registry.npmmirror.com/csstype/2.6.20:
    resolution: {integrity: sha512-/WwNkdXfckNgw6S5R125rrW8ez139lBHWouiBvX8dfMFtcn6V81REDqnH7+CRpRipfYlyU1CmOnOxrmGcFOjeA==, registry: https://registry.npm.taobao.org/, tarball: https://registry.npmmirror.com/csstype/-/csstype-2.6.20.tgz}
    name: csstype
    version: 2.6.20

  registry.npmmirror.com/debug/3.2.7:
    resolution: {integrity: sha512-CFjzYYAi4ThfiQvizrFQevTTXHtnCqWfe7x1AhgEscTz6ZbLbfoLRLPugTQyBth6f8ZERVUSyWHFD/7Wu4t1XQ==, registry: https://registry.npm.taobao.org/, tarball: https://registry.npmmirror.com/debug/-/debug-3.2.7.tgz}
    name: debug
    version: 3.2.7
    peerDependencies:
      supports-color: '*'
    peerDependenciesMeta:
      supports-color:
        optional: true
    dependencies:
      ms: registry.npmmirror.com/ms/2.1.3
    dev: true
    optional: true

  registry.npmmirror.com/estree-walker/2.0.2:
    resolution: {integrity: sha512-Rfkk/Mp/DL7JVje3u18FxFujQlTNR2q6QfMSMB7AvCBx91NGj/ba3kCfza0f6dVDbw7YlRf/nDrn7pQrCCyQ/w==, registry: https://registry.npm.taobao.org/, tarball: https://registry.npmmirror.com/estree-walker/-/estree-walker-2.0.2.tgz}
    name: estree-walker
    version: 2.0.2

  registry.npmmirror.com/iconv-lite/0.6.3:
    resolution: {integrity: sha512-4fCk79wshMdzMp2rH06qWrJE4iolqLhCUH+OiuIgU++RB0+94NlDL81atO7GX55uUKueo0txHNtvEyI6D7WdMw==, registry: https://registry.npm.taobao.org/, tarball: https://registry.npmmirror.com/iconv-lite/-/iconv-lite-0.6.3.tgz}
    name: iconv-lite
    version: 0.6.3
    engines: {node: '>=0.10.0'}
    dependencies:
      safer-buffer: registry.npmmirror.com/safer-buffer/2.1.2
    dev: true
    optional: true

  registry.npmmirror.com/is-what/3.14.1:
    resolution: {integrity: sha512-sNxgpk9793nzSs7bA6JQJGeIuRBQhAaNGG77kzYQgMkrID+lS6SlK07K5LaptscDlSaIgH+GPFzf+d75FVxozA==, registry: https://registry.npm.taobao.org/, tarball: https://registry.npmmirror.com/is-what/-/is-what-3.14.1.tgz}
    name: is-what
    version: 3.14.1
    dev: true

  registry.npmmirror.com/less/4.1.3:
    resolution: {integrity: sha512-w16Xk/Ta9Hhyei0Gpz9m7VS8F28nieJaL/VyShID7cYvP6IL5oHeL6p4TXSDJqZE/lNv0oJ2pGVjJsRkfwm5FA==, registry: https://registry.npm.taobao.org/, tarball: https://registry.npmmirror.com/less/-/less-4.1.3.tgz}
    name: less
    version: 4.1.3
    engines: {node: '>=6'}
    hasBin: true
    dependencies:
      copy-anything: registry.npmmirror.com/copy-anything/2.0.6
      parse-node-version: registry.npmmirror.com/parse-node-version/1.0.1
      tslib: registry.npmmirror.com/tslib/2.4.0
    optionalDependencies:
      errno: 0.1.8
      graceful-fs: 4.2.10
      image-size: 0.5.5
      make-dir: 2.1.0
      mime: 1.6.0
      needle: 3.1.0
      source-map: 0.6.1
    transitivePeerDependencies:
      - supports-color
    dev: true

  registry.npmmirror.com/lru-cache/6.0.0:
    resolution: {integrity: sha512-Jo6dJ04CmSjuznwJSS3pUeWmd/H0ffTlkXXgwZi+eq1UCmqQwCh+eLsYOYCwY991i2Fah4h1BEMCx4qThGbsiA==, registry: https://registry.npm.taobao.org/, tarball: https://registry.npmmirror.com/lru-cache/-/lru-cache-6.0.0.tgz}
    name: lru-cache
    version: 6.0.0
    engines: {node: '>=10'}
    dependencies:
      yallist: registry.npmmirror.com/yallist/4.0.0
    dev: true

  registry.npmmirror.com/magic-string/0.25.9:
    resolution: {integrity: sha512-RmF0AsMzgt25qzqqLc1+MbHmhdx0ojF2Fvs4XnOqz2ZOBXzzkEwc/dJQZCYHAn7v1jbVOjAZfK8msRn4BxO4VQ==, registry: https://registry.npm.taobao.org/, tarball: https://registry.npmmirror.com/magic-string/-/magic-string-0.25.9.tgz}
    name: magic-string
    version: 0.25.9
    dependencies:
      sourcemap-codec: registry.npmmirror.com/sourcemap-codec/1.4.8

  registry.npmmirror.com/ms/2.1.3:
    resolution: {integrity: sha512-6FlzubTLZG3J2a/NVCAleEhjzq5oxgHyaCU9yYXvcLsvoVaHJq/s5xXI6/XXP6tz7R9xAOtHnSO/tXtF3WRTlA==, registry: https://registry.npm.taobao.org/, tarball: https://registry.npmmirror.com/ms/-/ms-2.1.3.tgz}
    name: ms
    version: 2.1.3
    dev: true
    optional: true

  registry.npmmirror.com/parse-node-version/1.0.1:
    resolution: {integrity: sha512-3YHlOa/JgH6Mnpr05jP9eDG254US9ek25LyIxZlDItp2iJtwyaXQb57lBYLdT3MowkUFYEV2XXNAYIPlESvJlA==, registry: https://registry.npm.taobao.org/, tarball: https://registry.npmmirror.com/parse-node-version/-/parse-node-version-1.0.1.tgz}
    name: parse-node-version
    version: 1.0.1
    engines: {node: '>= 0.10'}
    dev: true

  registry.npmmirror.com/pify/4.0.1:
    resolution: {integrity: sha512-uB80kBFb/tfd68bVleG9T5GGsGPjJrLAUpR5PZIrhBnIaRTQRjqdJSsIKkOP6OAIFbj7GOrcudc5pNjZ+geV2g==, registry: https://registry.npm.taobao.org/, tarball: https://registry.npmmirror.com/pify/-/pify-4.0.1.tgz}
    name: pify
    version: 4.0.1
    engines: {node: '>=6'}
    dev: true
    optional: true

  registry.npmmirror.com/prr/1.0.1:
    resolution: {integrity: sha512-yPw4Sng1gWghHQWj0B3ZggWUm4qVbPwPFcRG8KyxiU7J2OHFSoEHKS+EZ3fv5l1t9CyCiop6l/ZYeWbrgoQejw==, registry: https://registry.npm.taobao.org/, tarball: https://registry.npmmirror.com/prr/-/prr-1.0.1.tgz}
    name: prr
    version: 1.0.1
    dev: true
    optional: true

  registry.npmmirror.com/safer-buffer/2.1.2:
    resolution: {integrity: sha512-YZo3K82SD7Riyi0E1EQPojLz7kpepnSQI9IyPbHHg1XXXevb5dJI7tpyN2ADxGcQbHG7vcyRHk0cbwqcQriUtg==, registry: https://registry.npm.taobao.org/, tarball: https://registry.npmmirror.com/safer-buffer/-/safer-buffer-2.1.2.tgz}
    name: safer-buffer
    version: 2.1.2
    dev: true
    optional: true

  registry.npmmirror.com/sax/1.2.4:
    resolution: {integrity: sha512-NqVDv9TpANUjFm0N8uM5GxL36UgKi9/atZw+x7YFnQ8ckwFGKrl4xX4yWtrey3UJm5nP1kUbnYgLopqWNSRhWw==, registry: https://registry.npm.taobao.org/, tarball: https://registry.npmmirror.com/sax/-/sax-1.2.4.tgz}
    name: sax
    version: 1.2.4
    dev: true
    optional: true

  registry.npmmirror.com/semver/5.7.1:
    resolution: {integrity: sha512-sauaDf/PZdVgrLTNYHRtpXa1iRiKcaebiKQ1BJdpQlWH2lCvexQdX55snPFyK7QzpudqbCI0qXFfOasHdyNDGQ==, registry: https://registry.npm.taobao.org/, tarball: https://registry.npmmirror.com/semver/-/semver-5.7.1.tgz}
    name: semver
    version: 5.7.1
    hasBin: true
    dev: true
    optional: true

  registry.npmmirror.com/semver/7.3.7:
    resolution: {integrity: sha512-QlYTucUYOews+WeEujDoEGziz4K6c47V/Bd+LjSSYcA94p+DmINdf7ncaUinThfvZyu13lN9OY1XDxt8C0Tw0g==, registry: https://registry.npm.taobao.org/, tarball: https://registry.npmmirror.com/semver/-/semver-7.3.7.tgz}
    name: semver
    version: 7.3.7
    engines: {node: '>=10'}
    hasBin: true
    dependencies:
      lru-cache: registry.npmmirror.com/lru-cache/6.0.0
    dev: true

  registry.npmmirror.com/source-map/0.6.1:
    resolution: {integrity: sha512-UjgapumWlbMhkBgzT7Ykc5YXUT46F0iKu8SGXq0bcwP5dz/h0Plj6enJqjz1Zbq2l5WaqYnrVbwWOWMyF3F47g==, registry: https://registry.npm.taobao.org/, tarball: https://registry.npmmirror.com/source-map/-/source-map-0.6.1.tgz}
    name: source-map
    version: 0.6.1
    engines: {node: '>=0.10.0'}

  registry.npmmirror.com/sourcemap-codec/1.4.8:
    resolution: {integrity: sha512-9NykojV5Uih4lgo5So5dtw+f0JgJX30KCNI8gwhz2J9A15wD0Ml6tjHKwf6fTSa6fAdVBdZeNOs9eJ71qCk8vA==, registry: https://registry.npm.taobao.org/, tarball: https://registry.npmmirror.com/sourcemap-codec/-/sourcemap-codec-1.4.8.tgz}
    name: sourcemap-codec
    version: 1.4.8

  registry.npmmirror.com/to-fast-properties/2.0.0:
    resolution: {integrity: sha512-/OaKK0xYrs3DmxRYqL/yDc+FxFUVYhDlXMhRmv3z915w2HF1tnN1omB354j8VUGO/hbRzyD6Y3sA7v7GS/ceog==, registry: https://registry.npm.taobao.org/, tarball: https://registry.npmmirror.com/to-fast-properties/-/to-fast-properties-2.0.0.tgz}
    name: to-fast-properties
    version: 2.0.0
    engines: {node: '>=4'}

  registry.npmmirror.com/tslib/2.4.0:
    resolution: {integrity: sha512-d6xOpEDfsi2CZVlPQzGeux8XMwLT9hssAsaPYExaQMuYskwb+x1x7J371tWlbBdWHroy99KnVB6qIkUbs5X3UQ==, registry: https://registry.npm.taobao.org/, tarball: https://registry.npmmirror.com/tslib/-/tslib-2.4.0.tgz}
    name: tslib
    version: 2.4.0
    dev: true

  registry.npmmirror.com/typescript/4.7.4:
    resolution: {integrity: sha512-C0WQT0gezHuw6AdY1M2jxUO83Rjf0HP7Sk1DtXj6j1EwkQNZrHAg2XPWlq62oqEhYvONq5pkC2Y9oPljWToLmQ==, registry: https://registry.npm.taobao.org/, tarball: https://registry.npmmirror.com/typescript/-/typescript-4.7.4.tgz}
    name: typescript
    version: 4.7.4
    engines: {node: '>=4.2.0'}
    hasBin: true

  registry.npmmirror.com/vue-tsc/0.39.5_typescript@4.7.4:
    resolution: {integrity: sha512-jhTsrKhZkafpIeN4Cbhr1K53hNfa/oesSrlh7hUaeHyCk55VhZT6oJkwJbtqN4MYkWZIwPrm3/xTwsELuf2ocg==, registry: https://registry.npm.taobao.org/, tarball: https://registry.npmmirror.com/vue-tsc/-/vue-tsc-0.39.5.tgz}
    id: registry.npmmirror.com/vue-tsc/0.39.5
    name: vue-tsc
    version: 0.39.5
    hasBin: true
    peerDependencies:
      typescript: '*'
    dependencies:
      '@volar/vue-language-core': registry.npmmirror.com/@volar/vue-language-core/0.39.5
      '@volar/vue-typescript': registry.npmmirror.com/@volar/vue-typescript/0.39.5
      typescript: registry.npmmirror.com/typescript/4.7.4
    dev: true

  registry.npmmirror.com/vue/3.2.37:
    resolution: {integrity: sha512-bOKEZxrm8Eh+fveCqS1/NkG/n6aMidsI6hahas7pa0w/l7jkbssJVsRhVDs07IdDq7h9KHswZOgItnwJAgtVtQ==, registry: https://registry.npm.taobao.org/, tarball: https://registry.npmmirror.com/vue/-/vue-3.2.37.tgz}
    name: vue
    version: 3.2.37
    dependencies:
      '@vue/compiler-dom': registry.npmmirror.com/@vue/compiler-dom/3.2.37
      '@vue/compiler-sfc': registry.npmmirror.com/@vue/compiler-sfc/3.2.37
      '@vue/runtime-dom': registry.npmmirror.com/@vue/runtime-dom/3.2.37
      '@vue/server-renderer': registry.npmmirror.com/@vue/server-renderer/3.2.37_vue@3.2.37
      '@vue/shared': registry.npmmirror.com/@vue/shared/3.2.37

  registry.npmmirror.com/yallist/4.0.0:
    resolution: {integrity: sha512-3wdGidZyq5PB084XLES5TpOSRA3wjXAlIWMhum2kRcv/41Sn2emQ0dycQW4uZXLejwKvg6EsvbdlVL+FYEct7A==, registry: https://registry.npm.taobao.org/, tarball: https://registry.npmmirror.com/yallist/-/yallist-4.0.0.tgz}
    name: yallist
    version: 4.0.0
    dev: true
